
Microsoft Visual Studio Solution File, Format Version 12.00
# Visual Studio Version 16
VisualStudioVersion = 16.0.29123.88
MinimumVisualStudioVersion = 10.0.40219.1
Project("{FAE04EC0-301F-11D3-BF4B-00C04F79EFBC}") = "DictionaryFundamentals", "DictionaryFundamentals\DictionaryFundamentals.csproj", "{FF58447F-23C8-40A6-AC67-DBA6DA69DA1A}"
EndProject
Global
	GlobalSection(SolutionConfigurationPlatforms) = preSolution
		Debug|Any CPU = Debug|Any CPU
		Release|Any CPU = Release|Any CPU
	EndGlobalSection
	GlobalSection(ProjectConfigurationPlatforms) = postSolution
		{FF58447F-23C8-40A6-AC67-DBA6DA69DA1A}.Debug|Any CPU.ActiveCfg = Debug|Any CPU
		{FF58447F-23C8-40A6-AC67-DBA6DA69DA1A}.Debug|Any CPU.Build.0 = Debug|Any CPU
		{FF58447F-23C8-40A6-AC67-DBA6DA69DA1A}.Release|Any CPU.ActiveCfg = Release|Any CPU
		{FF58447F-23C8-40A6-AC67-DBA6DA69DA1A}.Release|Any CPU.Build.0 = Release|Any CPU
	EndGlobalSection
	GlobalSection(SolutionProperties) = preSolution
		HideSolutionNode = FALSE
	EndGlobalSection
	GlobalSection(ExtensibilityGlobals) = postSolution
		SolutionGuid = {5D70A554-1395-4513-A678-E91CFCA3CD24}
	EndGlobalSection
EndGlobal
